// !$*UTF8*$!
{
	archiveVersion = 1;
	classes = {
	};
	objectVersion = 46;
	objects = {

/* Begin PBXBuildFile section */
		3B5C76461B904972002E9DF1 /* AppDelegate.swift in Sources */ = {isa = PBXBuildFile; fileRef = 3B5C76451B904972002E9DF1 /* AppDelegate.swift */; };
		3B5C76481B904972002E9DF1 /* ViewController.swift in Sources */ = {isa = PBXBuildFile; fileRef = 3B5C76471B904972002E9DF1 /* ViewController.swift */; };
		3B5C764B1B904972002E9DF1 /* Main.storyboard in Resources */ = {isa = PBXBuildFile; fileRef = 3B5C76491B904972002E9DF1 /* Main.storyboard */; };
		3B5C76501B904972002E9DF1 /* LaunchScreen.storyboard in Resources */ = {isa = PBXBuildFile; fileRef = 3B5C764E1B904972002E9DF1 /* LaunchScreen.storyboard */; };
		3B5C765B1B904973002E9DF1 /* webViewTests.swift in Sources */ = {isa = PBXBuildFile; fileRef = 3B5C765A1B904973002E9DF1 /* webViewTests.swift */; };
		3B5C76661B904973002E9DF1 /* webViewUITests.swift in Sources */ = {isa = PBXBuildFile; fileRef = 3B5C76651B904973002E9DF1 /* webViewUITests.swift */; };
		3BC52A0C1B940154007FE04F /* Media.xcassets in Resources */ = {isa = PBXBuildFile; fileRef = 3BC52A0B1B940154007FE04F /* Media.xcassets */; };
/* End PBXBuildFile section */

/* Begin PBXContainerItemProxy section */
		3B5C76571B904973002E9DF1 /* PBXContainerItemProxy */ = {
			isa = PBXContainerItemProxy;
			containerPortal = 3B5C763A1B904972002E9DF1 /* Project object */;
			proxyType = 1;
			remoteGlobalIDString = 3B5C76411B904972002E9DF1;
			remoteInfo = webView;
		};
		3B5C76621B904973002E9DF1 /* PBXContainerItemProxy */ = {
			isa = PBXContainerItemProxy;
			containerPortal = 3B5C763A1B904972002E9DF1 /* Project object */;
			proxyType = 1;
			remoteGlobalIDString = 3B5C76411B904972002E9DF1;
			remoteInfo = webView;
		};
/* End PBXContainerItemProxy section */

/* Begin PBXFileReference section */
		3B5C76421B904972002E9DF1 /* webView.app */ = {isa = PBXFileReference; explicitFileType = wrapper.application; includeInIndex = 0; path = webView.app; sourceTree = BUILT_PRODUCTS_DIR; };
		3B5C76451B904972002E9DF1 /* AppDelegate.swift */ = {isa = PBXFileReference; lastKnownFileType = sourcecode.swift; path = AppDelegate.swift; sourceTree = "<group>"; };
		3B5C76471B904972002E9DF1 /* ViewController.swift */ = {isa = PBXFileReference; lastKnownFileType = sourcecode.swift; path = ViewController.swift; sourceTree = "<group>"; };
		3B5C764A1B904972002E9DF1 /* Base */ = {isa = PBXFileReference; lastKnownFileType = file.storyboard; name = Base; path = Base.lproj/Main.storyboard; sourceTree = "<group>"; };
		3B5C764F1B904972002E9DF1 /* Base */ = {isa = PBXFileReference; lastKnownFileType = file.storyboard; name = Base; path = Base.lproj/LaunchScreen.storyboard; sourceTree = "<group>"; };
		3B5C76511B904972002E9DF1 /* Info.plist */ = {isa = PBXFileReference; lastKnownFileType = text.plist.xml; path = Info.plist; sourceTree = "<group>"; };
		3B5C76561B904973002E9DF1 /* webViewTests.xctest */ = {isa = PBXFileReference; explicitFileType = wrapper.cfbundle; includeInIndex = 0; path = webViewTests.xctest; sourceTree = BUILT_PRODUCTS_DIR; };
		3B5C765A1B904973002E9DF1 /* webViewTests.swift */ = {isa = PBXFileReference; lastKnownFileType = sourcecode.swift; path = webViewTests.swift; sourceTree = "<group>"; };
		3B5C765C1B904973002E9DF1 /* Info.plist */ = {isa = PBXFileReference; lastKnownFileType = text.plist.xml; path = Info.plist; sourceTree = "<group>"; };
		3B5C76611B904973002E9DF1 /* webViewUITests.xctest */ = {isa = PBXFileReference; explicitFileType = wrapper.cfbundle; includeInIndex = 0; path = webViewUITests.xctest; sourceTree = BUILT_PRODUCTS_DIR; };
		3B5C76651B904973002E9DF1 /* webViewUITests.swift */ = {isa = PBXFileReference; lastKnownFileType = sourcecode.swift; path = webViewUITests.swift; sourceTree = "<group>"; };
		3B5C76671B904973002E9DF1 /* Info.plist */ = {isa = PBXFileReference; lastKnownFileType = text.plist.xml; path = Info.plist; sourceTree = "<group>"; };
		3BC52A0B1B940154007FE04F /* Media.xcassets */ = {isa = PBXFileReference; lastKnownFileType = folder.assetcatalog; name = Media.xcassets; path = ../Media.xcassets; sourceTree = "<group>"; };
/* End PBXFileReference section */

/* Begin PBXFrameworksBuildPhase section */
		3B5C763F1B904972002E9DF1 /* Frameworks */ = {
			isa = PBXFrameworksBuildPhase;
			buildActionMask = 2147483647;
			files = (
			);
			runOnlyForDeploymentPostprocessing = 0;
		};
		3B5C76531B904973002E9DF1 /* Frameworks */ = {
			isa = PBXFrameworksBuildPhase;
			buildActionMask = 2147483647;
			files = (
			);
			runOnlyForDeploymentPostprocessing = 0;
		};
		3B5C765E1B904973002E9DF1 /* Frameworks */ = {
			isa = PBXFrameworksBuildPhase;
			buildActionMask = 2147483647;
			files = (
			);
			runOnlyForDeploymentPostprocessing = 0;
		};
/* End PBXFrameworksBuildPhase section */

/* Begin PBXGroup section */
		3B5C76391B904972002E9DF1 = {
			isa = PBXGroup;
			children = (
				3B5C76441B904972002E9DF1 /* webView */,
				3B5C76591B904973002E9DF1 /* webViewTests */,
				3B5C76641B904973002E9DF1 /* webViewUITests */,
				3B5C76431B904972002E9DF1 /* Products */,
			);
			sourceTree = "<group>";
		};
		3B5C76431B904972002E9DF1 /* Products */ = {
			isa = PBXGroup;
			children = (
				3B5C76421B904972002E9DF1 /* webView.app */,
				3B5C76561B904973002E9DF1 /* webViewTests.xctest */,
				3B5C76611B904973002E9DF1 /* webViewUITests.xctest */,
			);
			name = Products;
			sourceTree = "<group>";
		};
		3B5C76441B904972002E9DF1 /* webView */ = {
			isa = PBXGroup;
			children = (
				3B5C76451B904972002E9DF1 /* AppDelegate.swift */,
				3B5C76471B904972002E9DF1 /* ViewController.swift */,
				3B5C76491B904972002E9DF1 /* Main.storyboard */,
				3B5C764E1B904972002E9DF1 /* LaunchScreen.storyboard */,
				3BC52A0B1B940154007FE04F /* Media.xcassets */,
				3B5C76511B904972002E9DF1 /* Info.plist */,
			);
			path = webView;
			sourceTree = "<group>";
		};
		3B5C76591B904973002E9DF1 /* webViewTests */ = {
			isa = PBXGroup;
			children = (
				3B5C765A1B904973002E9DF1 /* webViewTests.swift */,
				3B5C765C1B904973002E9DF1 /* Info.plist */,
			);
			path = webViewTests;
			sourceTree = "<group>";
		};
		3B5C76641B904973002E9DF1 /* webViewUITests */ = {
			isa = PBXGroup;
			children = (
				3B5C76651B904973002E9DF1 /* webViewUITests.swift */,
				3B5C76671B904973002E9DF1 /* Info.plist */,
			);
			path = webViewUITests;
			sourceTree = "<group>";
		};
/* End PBXGroup section */

/* Begin PBXNativeTarget section */
		3B5C76411B904972002E9DF1 /* webView */ = {
			isa = PBXNativeTarget;
			buildConfigurationList = 3B5C766A1B904973002E9DF1 /* Build configuration list for PBXNativeTarget "webView" */;
			buildPhases = (
				3B5C763E1B904972002E9DF1 /* Sources */,
				3B5C763F1B904972002E9DF1 /* Frameworks */,
				3B5C76401B904972002E9DF1 /* Resources */,
			);
			buildRules = (
			);
			dependencies = (
			);
			name = webView;
			productName = webView;
			productReference = 3B5C76421B904972002E9DF1 /* webView.app */;
			productType = "com.apple.product-type.application";
		};
		3B5C76551B904973002E9DF1 /* webViewTests */ = {
			isa = PBXNativeTarget;
			buildConfigurationList = 3B5C766D1B904973002E9DF1 /* Build configuration list for PBXNativeTarget "webViewTests" */;
			buildPhases = (
				3B5C76521B904973002E9DF1 /* Sources */,
				3B5C76531B904973002E9DF1 /* Frameworks */,
				3B5C76541B904973002E9DF1 /* Resources */,
			);
			buildRules = (
			);
			dependencies = (
				3B5C76581B904973002E9DF1 /* PBXTargetDependency */,
			);
			name = webViewTests;
			productName = webViewTests;
			productReference = 3B5C76561B904973002E9DF1 /* webViewTests.xctest */;
			productType = "com.apple.product-type.bundle.unit-test";
		};
		3B5C76601B904973002E9DF1 /* webViewUITests */ = {
			isa = PBXNativeTarget;
			buildConfigurationList = 3B5C76701B904973002E9DF1 /* Build configuration list for PBXNativeTarget "webViewUITests" */;
			buildPhases = (
				3B5C765D1B904973002E9DF1 /* Sources */,
				3B5C765E1B904973002E9DF1 /* Frameworks */,
				3B5C765F1B904973002E9DF1 /* Resources */,
			);
			buildRules = (
			);
			dependencies = (
				3B5C76631B904973002E9DF1 /* PBXTargetDependency */,
			);
			name = webViewUITests;
			productName = webViewUITests;
			productReference = 3B5C76611B904973002E9DF1 /* webViewUITests.xctest */;
			productType = "com.apple.product-type.bundle.ui-testing";
		};
/* End PBXNativeTarget section */

/* Begin PBXProject section */
		3B5C763A1B904972002E9DF1 /* Project object */ = {
			isa = PBXProject;
			attributes = {
				LastUpgradeCheck = 0700;
				ORGANIZATIONNAME = webview.dyqfcl.com;
				TargetAttributes = {
					3B5C76411B904972002E9DF1 = {
						CreatedOnToolsVersion = 7.0;
						DevelopmentTeam = 6F22DC25VR;
					};
					3B5C76551B904973002E9DF1 = {
						CreatedOnToolsVersion = 7.0;
						TestTargetID = 3B5C76411B904972002E9DF1;
					};
					3B5C76601B904973002E9DF1 = {
						CreatedOnToolsVersion = 7.0;
						TestTargetID = 3B5C76411B904972002E9DF1;
					};
				};
			};
			buildConfigurationList = 3B5C763D1B904972002E9DF1 /* Build configuration list for PBXProject "webView" */;
			compatibilityVersion = "Xcode 3.2";
			developmentRegion = English;
			hasScannedForEncodings = 0;
			knownRegions = (
				en,
				Base,
			);
			mainGroup = 3B5C76391B904972002E9DF1;
			productRefGroup = 3B5C76431B904972002E9DF1 /* Products */;
			projectDirPath = "";
			projectRoot = "";
			targets = (
				3B5C76411B904972002E9DF1 /* webView */,
				3B5C76551B904973002E9DF1 /* webViewTests */,
				3B5C76601B904973002E9DF1 /* webViewUITests */,
			);
		};
/* End PBXProject section */

/* Begin PBXResourcesBuildPhase section */
		3B5C76401B904972002E9DF1 /* Resources */ = {
			isa = PBXResourcesBuildPhase;
			buildActionMask = 2147483647;
			files = (
				3B5C76501B904972002E9DF1 /* LaunchScreen.storyboard in Resources */,
				3BC52A0C1B940154007FE04F /* Media.xcassets in Resources */,
				3B5C764B1B904972002E9DF1 /* Main.storyboard in Resources */,
			);
			runOnlyForDeploymentPostprocessing = 0;
		};
		3B5C76541B904973002E9DF1 /* Resources */ = {
			isa = PBXResourcesBuildPhase;
			buildActionMask = 2147483647;
			files = (
			);
			runOnlyForDeploymentPostprocessing = 0;
		};
		3B5C765F1B904973002E9DF1 /* Resources */ = {
			isa = PBXResourcesBuildPhase;
			buildActionMask = 2147483647;
			files = (
			);
			runOnlyForDeploymentPostprocessing = 0;
		};
/* End PBXResourcesBuildPhase section */

/* Begin PBXSourcesBuildPhase section */
		3B5C763E1B904972002E9DF1 /* Sources */ = {
			isa = PBXSourcesBuildPhase;
			buildActionMask = 2147483647;
			files = (
				3B5C76481B904972002E9DF1 /* ViewController.swift in Sources */,
				3B5C76461B904972002E9DF1 /* AppDelegate.swift in Sources */,
			);
			runOnlyForDeploymentPostprocessing = 0;
		};
		3B5C76521B904973002E9DF1 /* Sources */ = {
			isa = PBXSourcesBuildPhase;
			buildActionMask = 2147483647;
			files = (
				3B5C765B1B904973002E9DF1 /* webViewTests.swift in Sources */,
			);
			runOnlyForDeploymentPostprocessing = 0;
		};
		3B5C765D1B904973002E9DF1 /* Sources */ = {
			isa = PBXSourcesBuildPhase;
			buildActionMask = 2147483647;
			files = (
				3B5C76661B904973002E9DF1 /* webViewUITests.swift in Sources */,
			);
			runOnlyForDeploymentPostprocessing = 0;
		};
/* End PBXSourcesBuildPhase section */

/* Begin PBXTargetDependency section */
		3B5C76581B904973002E9DF1 /* PBXTargetDependency */ = {
			isa = PBXTargetDependency;
			target = 3B5C76411B904972002E9DF1 /* webView */;
			targetProxy = 3B5C76571B904973002E9DF1 /* PBXContainerItemProxy */;
		};
		3B5C76631B904973002E9DF1 /* PBXTargetDependency */ = {
			isa = PBXTargetDependency;
			target = 3B5C76411B904972002E9DF1 /* webView */;
			targetProxy = 3B5C76621B904973002E9DF1 /* PBXContainerItemProxy */;
		};
/* End PBXTargetDependency section */

/* Begin PBXVariantGroup section */
		3B5C76491B904972002E9DF1 /* Main.storyboard */ = {
			isa = PBXVariantGroup;
			children = (
				3B5C764A1B904972002E9DF1 /* Base */,
			);
			name = Main.storyboard;
			sourceTree = "<group>";
		};
		3B5C764E1B904972002E9DF1 /* LaunchScreen.storyboard */ = {
			isa = PBXVariantGroup;
			children = (
				3B5C764F1B904972002E9DF1 /* Base */,
			);
			name = LaunchScreen.storyboard;
			sourceTree = "<group>";
		};
/* End PBXVariantGroup section */

/* Begin XCBuildConfiguration section */
		3B5C76681B904973002E9DF1 /* Debug */ = {
			isa = XCBuildConfiguration;
			buildSettings = {
				ALWAYS_SEARCH_USER_PATHS = NO;
				CLANG_CXX_LANGUAGE_STANDARD = "gnu++0x";
				CLANG_CXX_LIBRARY = "libc++";
				CLANG_ENABLE_MODULES = YES;
				CLANG_ENABLE_OBJC_ARC = YES;
				CLANG_WARN_BOOL_CONVERSION = YES;
				CLANG_WARN_CONSTANT_CONVERSION = YES;
				CLANG_WARN_DIRECT_OBJC_ISA_USAGE = YES_ERROR;
				CLANG_WARN_EMPTY_BODY = YES;
				CLANG_WARN_ENUM_CONVERSION = YES;
				CLANG_WARN_INT_CONVERSION = YES;
				CLANG_WARN_OBJC_ROOT_CLASS = YES_ERROR;
				CLANG_WARN_UNREACHABLE_CODE = YES;
				CLANG_WARN__DUPLICATE_METHOD_MATCH = YES;
				"CODE_SIGN_IDENTITY[sdk=iphoneos*]" = "iPhone Developer";
				COPY_PHASE_STRIP = NO;
				DEBUG_INFORMATION_FORMAT = dwarf;
				ENABLE_STRICT_OBJC_MSGSEND = YES;
				ENABLE_TESTABILITY = YES;
				GCC_C_LANGUAGE_STANDARD = gnu99;
				GCC_DYNAMIC_NO_PIC = NO;
				GCC_NO_COMMON_BLOCKS = YES;
				GCC_OPTIMIZATION_LEVEL = 0;
				GCC_PREPROCESSOR_DEFINITIONS = (
					"DEBUG=1",
					"$(inherited)",
				);
				GCC_WARN_64_TO_32_BIT_CONVERSION = YES;
				GCC_WARN_ABOUT_RETURN_TYPE = YES_ERROR;
				GCC_WARN_UNDECLARED_SELECTOR = YES;
				GCC_WARN_UNINITIALIZED_AUTOS = YES_AGGRESSIVE;
				GCC_WARN_UNUSED_FUNCTION = YES;
				GCC_WARN_UNUSED_VARIABLE = YES;
				IPHONEOS_DEPLOYMENT_TARGET = 9.0;
				MTL_ENABLE_DEBUG_INFO = YES;
				ONLY_ACTIVE_ARCH = YES;
				SDKROOT = iphoneos;
				SWIFT_OPTIMIZATION_LEVEL = "-Onone";
			};
			name = Debug;
		};
		3B5C76691B904973002E9DF1 /* Release */ = {
			isa = XCBuildConfiguration;
			buildSettings = {
				ALWAYS_SEARCH_USER_PATHS = NO;
				CLANG_CXX_LANGUAGE_STANDARD = "gnu++0x";
				CLANG_CXX_LIBRARY = "libc++";
				CLANG_ENABLE_MODULES = YES;
				CLANG_ENABLE_OBJC_ARC = YES;
				CLANG_WARN_BOOL_CONVERSION = YES;
				CLANG_WARN_CONSTANT_CONVERSION = YES;
				CLANG_WARN_DIRECT_OBJC_ISA_USAGE = YES_ERROR;
				CLANG_WARN_EMPTY_BODY = YES;
				CLANG_WARN_ENUM_CONVERSION = YES;
				CLANG_WARN_INT_CONVERSION = YES;
				CLANG_WARN_OBJC_ROOT_CLASS = YES_ERROR;
				CLANG_WARN_UNREACHABLE_CODE = YES;
				CLANG_WARN__DUPLICATE_METHOD_MATCH = YES;
				"CODE_SIGN_IDENTITY[sdk=iphoneos*]" = "iPhone Developer";
				COPY_PHASE_STRIP = NO;
				DEBUG_INFORMATION_FORMAT = "dwarf-with-dsym";
				ENABLE_NS_ASSERTIONS = NO;
				ENABLE_STRICT_OBJC_MSGSEND = YES;
				GCC_C_LANGUAGE_STANDARD = gnu99;
				GCC_NO_COMMON_BLOCKS = YES;
				GCC_WARN_64_TO_32_BIT_CONVERSION = YES;
				GCC_WARN_ABOUT_RETURN_TYPE = YES_ERROR;
				GCC_WARN_UNDECLARED_SELECTOR = YES;
				GCC_WARN_UNINITIALIZED_AUTOS = YES_AGGRESSIVE;
				GCC_WARN_UNUSED_FUNCTION = YES;
				GCC_WARN_UNUSED_VARIABLE = YES;
				IPHONEOS_DEPLOYMENT_TARGET = 9.0;
				MTL_ENABLE_DEBUG_INFO = NO;
				SDKROOT = iphoneos;
				VALIDATE_PRODUCT = YES;
			};
			name = Release;
		};
		3B5C766B1B904973002E9DF1 /* Debug */ = {
			isa = XCBuildConfiguration;
			buildSettings = {
				ASSETCATALOG_COMPILER_APPICON_NAME = AppIcon;
				ASSETCATALOG_COMPILER_LAUNCHIMAGE_NAME = LaunchImage;
				CODE_SIGN_IDENTITY = "iPhone Developer";
				INFOPLIST_FILE = webView/Info.plist;
				IPHONEOS_DEPLOYMENT_TARGET = 7.0;
				LD_RUNPATH_SEARCH_PATHS = "$(inherited) @executable_path/Frameworks";
				PRODUCT_BUNDLE_IDENTIFIER = webview.dyqfcl.com.webView;
				PRODUCT_NAME = "$(TARGET_NAME)";
			};
			name = Debug;
		};
		3B5C766C1B904973002E9DF1 /* Release */ = {
			isa = XCBuildConfiguration;
			buildSettings = {
				ASSETCATALOG_COMPILER_APPICON_NAME = AppIcon;
				ASSETCATALOG_COMPILER_LAUNCHIMAGE_NAME = LaunchImage;
				CODE_SIGN_IDENTITY = "iPhone Developer";
				INFOPLIST_FILE = webView/Info.plist;
				IPHONEOS_DEPLOYMENT_TARGET = 7.0;
				LD_RUNPATH_SEARCH_PATHS = "$(inherited) @executable_path/Frameworks";
				PRODUCT_BUNDLE_IDENTIFIER = webview.dyqfcl.com.webView;
				PRODUCT_NAME = "$(TARGET_NAME)";
			};
			name = Release;
		};
		3B5C766E1B904973002E9DF1 /* Debug */ = {
			isa = XCBuildConfiguration;
			buildSettings = {
				BUNDLE_LOADER = "$(TEST_HOST)";
				INFOPLIST_FILE = webViewTests/Info.plist;
				LD_RUNPATH_SEARCH_PATHS = "$(inherited) @executable_path/Frameworks @loader_path/Frameworks";
				PRODUCT_BUNDLE_IDENTIFIER = webview.dyqfcl.com.webViewTests;
				PRODUCT_NAME = "$(TARGET_NAME)";
				TEST_HOST = "$(BUILT_PRODUCTS_DIR)/webView.app/webView";
			};
			name = Debug;
		};
		3B5C766F1B904973002E9DF1 /* Release */ = {
			isa = XCBuildConfiguration;
			buildSettings = {
				BUNDLE_LOADER = "$(TEST_HOST)";
				INFOPLIST_FILE = webViewTests/Info.plist;
				LD_RUNPATH_SEARCH_PATHS = "$(inherited) @executable_path/Frameworks @loader_path/Frameworks";
				PRODUCT_BUNDLE_IDENTIFIER = webview.dyqfcl.com.webViewTests;
				PRODUCT_NAME = "$(TARGET_NAME)";
				TEST_HOST = "$(BUILT_PRODUCTS_DIR)/webView.app/webView";
			};
			name = Release;
		};
		3B5C76711B904973002E9DF1 /* Debug */ = {
			isa = XCBuildConfiguration;
			buildSettings = {
				INFOPLIST_FILE = webViewUITests/Info.plist;
				LD_RUNPATH_SEARCH_PATHS = "$(inherited) @executable_path/Frameworks @loader_path/Frameworks";
				PRODUCT_BUNDLE_IDENTIFIER = webview.dyqfcl.com.webViewUITests;
				PRODUCT_NAME = "$(TARGET_NAME)";
				TEST_TARGET_NAME = webView;
				USES_XCTRUNNER = YES;
			};
			name = Debug;
		};
		3B5C76721B904973002E9DF1 /* Release */ = {
			isa = XCBuildConfiguration;
			buildSettings = {
				INFOPLIST_FILE = webViewUITests/Info.plist;
				LD_RUNPATH_SEARCH_PATHS = "$(inherited) @executable_path/Frameworks @loader_path/Frameworks";
				PRODUCT_BUNDLE_IDENTIFIER = webview.dyqfcl.com.webViewUITests;
				PRODUCT_NAME = "$(TARGET_NAME)";
				TEST_TARGET_NAME = webView;
				USES_XCTRUNNER = YES;
			};
			name = Release;
		};
/* End XCBuildConfiguration section */

/* Begin XCConfigurationList section */
		3B5C763D1B904972002E9DF1 /* Build configuration list for PBXProject "webView" */ = {
			isa = XCConfigurationList;
			buildConfigurations = (
				3B5C76681B904973002E9DF1 /* Debug */,
				3B5C76691B904973002E9DF1 /* Release */,
			);
			defaultConfigurationIsVisible = 0;
			defaultConfigurationName = Release;
		};
		3B5C766A1B904973002E9DF1 /* Build configuration list for PBXNativeTarget "webView" */ = {
			isa = XCConfigurationList;
			buildConfigurations = (
				3B5C766B1B904973002E9DF1 /* Debug */,
				3B5C766C1B904973002E9DF1 /* Release */,
			);
			defaultConfigurationIsVisible = 0;
			defaultConfigurationName = Release;
		};
		3B5C766D1B904973002E9DF1 /* Build configuration list for PBXNativeTarget "webViewTests" */ = {
			isa = XCConfigurationList;
			buildConfigurations = (
				3B5C766E1B904973002E9DF1 /* Debug */,
				3B5C766F1B904973002E9DF1 /* Release */,
			);
			defaultConfigurationIsVisible = 0;
			defaultConfigurationName = Release;
		};
		3B5C76701B904973002E9DF1 /* Build configuration list for PBXNativeTarget "webViewUITests" */ = {
			isa = XCConfigurationList;
			buildConfigurations = (
				3B5C76711B904973002E9DF1 /* Debug */,
				3B5C76721B904973002E9DF1 /* Release */,
			);
			defaultConfigurationIsVisible = 0;
			defaultConfigurationName = Release;
		};
/* End XCConfigurationList section */
	};
	rootObject = 3B5C763A1B904972002E9DF1 /* Project object */;
}
